
Microsoft Visual Studio Solution File, Format Version 11.00
# Visual C++ Express 2010
Project("{8BC9CEB8-8B4A-11D0-8D11-00A0C91BC942}") = "CL", "CL.vcxproj", "{89357C94-6CA8-1FBB-CD61-970E629AE38B}"
EndProject
Global
	GlobalSection(SolutionConfigurationPlatforms) = preSolution
		Debug|Win32 = Debug|Win32
		Debug|x64 = Debug|x64
		Release|Win32 = Release|Win32
		Release|x64 = Release|x64
	EndGlobalSection
	GlobalSection(ProjectConfigurationPlatforms) = postSolution
		{89357C94-6CA8-1FBB-CD61-970E629AE38B}.Debug|Win32.ActiveCfg = Debug|Win32
		{89357C94-6CA8-1FBB-CD61-970E629AE38B}.Debug|Win32.Build.0 = Debug|Win32
		{89357C94-6CA8-1FBB-CD61-970E629AE38B}.Debug|x64.ActiveCfg = Debug|Win32
		{89357C94-6CA8-1FBB-CD61-970E629AE38B}.Debug|x64.Build.0 = Debug|Win32
		{89357C94-6CA8-1FBB-CD61-970E629AE38B}.Release|Win32.ActiveCfg = Release|Win32
		{89357C94-6CA8-1FBB-CD61-970E629AE38B}.Release|Win32.Build.0 = Release|Win32
		{89357C94-6CA8-1FBB-CD61-970E629AE38B}.Release|x64.ActiveCfg = Release|x64
		{89357C94-6CA8-1FBB-CD61-970E629AE38B}.Release|x64.Build.0 = Release|x64
	EndGlobalSection
	GlobalSection(SolutionProperties) = preSolution
		HideSolutionNode = FALSE
	EndGlobalSection
EndGlobal
